
Microsoft Visual Studio Solution File, Format Version 12.00
# Visual Studio Version 17
VisualStudioVersion = 17.3.32929.385
MinimumVisualStudioVersion = 10.0.40219.1
Project("{FAE04EC0-301F-11D3-BF4B-00C04F79EFBC}") = "Task1", "Task1\Task1.csproj", "{F95CC162-B659-4AED-A39F-38630AFBEAC3}"
EndProject
Global
	GlobalSection(SolutionConfigurationPlatforms) = preSolution
		Debug|Any CPU = Debug|Any CPU
		Release|Any CPU = Release|Any CPU
	EndGlobalSection
	GlobalSection(ProjectConfigurationPlatforms) = postSolution
		{F95CC162-B659-4AED-A39F-38630AFBEAC3}.Debug|Any CPU.ActiveCfg = Debug|Any CPU
		{F95CC162-B659-4AED-A39F-38630AFBEAC3}.Debug|Any CPU.Build.0 = Debug|Any CPU
		{F95CC162-B659-4AED-A39F-38630AFBEAC3}.Release|Any CPU.ActiveCfg = Release|Any CPU
		{F95CC162-B659-4AED-A39F-38630AFBEAC3}.Release|Any CPU.Build.0 = Release|Any CPU
	EndGlobalSection
	GlobalSection(SolutionProperties) = preSolution
		HideSolutionNode = FALSE
	EndGlobalSection
	GlobalSection(ExtensibilityGlobals) = postSolution
		SolutionGuid = {5749CF72-7DA9-4BCD-9C94-FDC349845632}
	EndGlobalSection
EndGlobal
